
Microsoft Visual Studio Solution File, Format Version 12.00
# Visual Studio 15
VisualStudioVersion = 15.0.27703.2047
MinimumVisualStudioVersion = 10.0.40219.1
Project("{FAE04EC0-301F-11D3-BF4B-00C04F79EFBC}") = "CSV_to_Fixed_Width", "CSV_to_Fixed_Width\CSV_to_Fixed_Width.csproj", "{9989AA92-0DE4-4630-AB30-1B0C2A249C4F}"
EndProject
Global
	GlobalSection(SolutionConfigurationPlatforms) = preSolution
		Debug|Any CPU = Debug|Any CPU
		Release|Any CPU = Release|Any CPU
	EndGlobalSection
	GlobalSection(ProjectConfigurationPlatforms) = postSolution
		{9989AA92-0DE4-4630-AB30-1B0C2A249C4F}.Debug|Any CPU.ActiveCfg = Debug|Any CPU
		{9989AA92-0DE4-4630-AB30-1B0C2A249C4F}.Debug|Any CPU.Build.0 = Debug|Any CPU
		{9989AA92-0DE4-4630-AB30-1B0C2A249C4F}.Release|Any CPU.ActiveCfg = Release|Any CPU
		{9989AA92-0DE4-4630-AB30-1B0C2A249C4F}.Release|Any CPU.Build.0 = Release|Any CPU
	EndGlobalSection
	GlobalSection(SolutionProperties) = preSolution
		HideSolutionNode = FALSE
	EndGlobalSection
	GlobalSection(ExtensibilityGlobals) = postSolution
		SolutionGuid = {7395840B-CD15-40EE-B3DE-1B1FBA0F2AC4}
	EndGlobalSection
EndGlobal
